// !$*UTF8*$!
{
	archiveVersion = 1;
	classes = {
	};
	objectVersion = 56;
	objects = {

/* Begin PBXBuildFile section */
		CB5CB7892AD6DE4E00B735C3 /* AppDelegate.swift in Sources */ = {isa = PBXBuildFile; fileRef = CB5CB7882AD6DE4E00B735C3 /* AppDelegate.swift */; };
		CB5CB78B2AD6DE4E00B735C3 /* SceneDelegate.swift in Sources */ = {isa = PBXBuildFile; fileRef = CB5CB78A2AD6DE4E00B735C3 /* SceneDelegate.swift */; };
		CB5CB78D2AD6DE4E00B735C3 /* TranslationViewController.swift in Sources */ = {isa = PBXBuildFile; fileRef = CB5CB78C2AD6DE4E00B735C3 /* TranslationViewController.swift */; };
		CB5CB7902AD6DE4E00B735C3 /* Main.storyboard in Resources */ = {isa = PBXBuildFile; fileRef = CB5CB78E2AD6DE4E00B735C3 /* Main.storyboard */; };
		CB5CB7922AD6DE4F00B735C3 /* Assets.xcassets in Resources */ = {isa = PBXBuildFile; fileRef = CB5CB7912AD6DE4F00B735C3 /* Assets.xcassets */; };
		CB5CB7952AD6DE4F00B735C3 /* LaunchScreen.storyboard in Resources */ = {isa = PBXBuildFile; fileRef = CB5CB7932AD6DE4F00B735C3 /* LaunchScreen.storyboard */; };
		CB5CB7FF2ADBE42D00B735C3 /* NaverAPIKey.plist in Resources */ = {isa = PBXBuildFile; fileRef = CB5CB7FE2ADBE42D00B735C3 /* NaverAPIKey.plist */; };
		CB5CB8012ADBE58500B735C3 /* Bundle+.swift in Sources */ = {isa = PBXBuildFile; fileRef = CB5CB8002ADBE58500B735C3 /* Bundle+.swift */; };
		CB5CB80A2ADC200D00B735C3 /* PapagoTranslation.swift in Sources */ = {isa = PBXBuildFile; fileRef = CB5CB8092ADC200D00B735C3 /* PapagoTranslation.swift */; };
		CB5CB80C2ADC203C00B735C3 /* PapagoDetectLanguage.swift in Sources */ = {isa = PBXBuildFile; fileRef = CB5CB80B2ADC203C00B735C3 /* PapagoDetectLanguage.swift */; };
		CB5CB8112ADC456600B735C3 /* TranslationService.swift in Sources */ = {isa = PBXBuildFile; fileRef = CB5CB8102ADC456600B735C3 /* TranslationService.swift */; };
		CB5CB8142ADC495F00B735C3 /* NaverAPI.swift in Sources */ = {isa = PBXBuildFile; fileRef = CB5CB8132ADC495F00B735C3 /* NaverAPI.swift */; };
		CB5CB8162ADCCB2D00B735C3 /* DataScannerViewController+.swift in Sources */ = {isa = PBXBuildFile; fileRef = CB5CB8152ADCCB2D00B735C3 /* DataScannerViewController+.swift */; };
		CB5CB8182ADCCCBD00B735C3 /* PapagoTranslationLanguage.swift in Sources */ = {isa = PBXBuildFile; fileRef = CB5CB8172ADCCCBD00B735C3 /* PapagoTranslationLanguage.swift */; };
/* End PBXBuildFile section */

/* Begin PBXFileReference section */
		CB5CB7852AD6DE4E00B735C3 /* RealTimeTranslation.app */ = {isa = PBXFileReference; explicitFileType = wrapper.application; includeInIndex = 0; path = RealTimeTranslation.app; sourceTree = BUILT_PRODUCTS_DIR; };
		CB5CB7882AD6DE4E00B735C3 /* AppDelegate.swift */ = {isa = PBXFileReference; lastKnownFileType = sourcecode.swift; path = AppDelegate.swift; sourceTree = "<group>"; };
		CB5CB78A2AD6DE4E00B735C3 /* SceneDelegate.swift */ = {isa = PBXFileReference; lastKnownFileType = sourcecode.swift; path = SceneDelegate.swift; sourceTree = "<group>"; };
		CB5CB78C2AD6DE4E00B735C3 /* TranslationViewController.swift */ = {isa = PBXFileReference; lastKnownFileType = sourcecode.swift; path = TranslationViewController.swift; sourceTree = "<group>"; };
		CB5CB78F2AD6DE4E00B735C3 /* Base */ = {isa = PBXFileReference; lastKnownFileType = file.storyboard; name = Base; path = Base.lproj/Main.storyboard; sourceTree = "<group>"; };
		CB5CB7912AD6DE4F00B735C3 /* Assets.xcassets */ = {isa = PBXFileReference; lastKnownFileType = folder.assetcatalog; path = Assets.xcassets; sourceTree = "<group>"; };
		CB5CB7942AD6DE4F00B735C3 /* Base */ = {isa = PBXFileReference; lastKnownFileType = file.storyboard; name = Base; path = Base.lproj/LaunchScreen.storyboard; sourceTree = "<group>"; };
		CB5CB7962AD6DE4F00B735C3 /* Info.plist */ = {isa = PBXFileReference; lastKnownFileType = text.plist.xml; path = Info.plist; sourceTree = "<group>"; };
		CB5CB7FE2ADBE42D00B735C3 /* NaverAPIKey.plist */ = {isa = PBXFileReference; lastKnownFileType = text.plist.xml; path = NaverAPIKey.plist; sourceTree = "<group>"; };
		CB5CB8002ADBE58500B735C3 /* Bundle+.swift */ = {isa = PBXFileReference; lastKnownFileType = sourcecode.swift; path = "Bundle+.swift"; sourceTree = "<group>"; };
		CB5CB8092ADC200D00B735C3 /* PapagoTranslation.swift */ = {isa = PBXFileReference; lastKnownFileType = sourcecode.swift; path = PapagoTranslation.swift; sourceTree = "<group>"; };
		CB5CB80B2ADC203C00B735C3 /* PapagoDetectLanguage.swift */ = {isa = PBXFileReference; lastKnownFileType = sourcecode.swift; path = PapagoDetectLanguage.swift; sourceTree = "<group>"; };
		CB5CB8102ADC456600B735C3 /* TranslationService.swift */ = {isa = PBXFileReference; lastKnownFileType = sourcecode.swift; path = TranslationService.swift; sourceTree = "<group>"; };
		CB5CB8132ADC495F00B735C3 /* NaverAPI.swift */ = {isa = PBXFileReference; lastKnownFileType = sourcecode.swift; path = NaverAPI.swift; sourceTree = "<group>"; };
		CB5CB8152ADCCB2D00B735C3 /* DataScannerViewController+.swift */ = {isa = PBXFileReference; lastKnownFileType = sourcecode.swift; path = "DataScannerViewController+.swift"; sourceTree = "<group>"; };
		CB5CB8172ADCCCBD00B735C3 /* PapagoTranslationLanguage.swift */ = {isa = PBXFileReference; lastKnownFileType = sourcecode.swift; path = PapagoTranslationLanguage.swift; sourceTree = "<group>"; };
/* End PBXFileReference section */

/* Begin PBXFrameworksBuildPhase section */
		CB5CB7822AD6DE4E00B735C3 /* Frameworks */ = {
			isa = PBXFrameworksBuildPhase;
			buildActionMask = 2147483647;
			files = (
			);
			runOnlyForDeploymentPostprocessing = 0;
		};
/* End PBXFrameworksBuildPhase section */

/* Begin PBXGroup section */
		CB5CB77C2AD6DE4E00B735C3 = {
			isa = PBXGroup;
			children = (
				CB5CB7872AD6DE4E00B735C3 /* RealTimeTranslation */,
				CB5CB7862AD6DE4E00B735C3 /* Products */,
			);
			sourceTree = "<group>";
		};
		CB5CB7862AD6DE4E00B735C3 /* Products */ = {
			isa = PBXGroup;
			children = (
				CB5CB7852AD6DE4E00B735C3 /* RealTimeTranslation.app */,
			);
			name = Products;
			sourceTree = "<group>";
		};
		CB5CB7872AD6DE4E00B735C3 /* RealTimeTranslation */ = {
			isa = PBXGroup;
			children = (
				CB5CB7962AD6DE4F00B735C3 /* Info.plist */,
				CB5CB7FE2ADBE42D00B735C3 /* NaverAPIKey.plist */,
				CB5CB8022ADC1E9900B735C3 /* App */,
				CB5CB8032ADC1ED200B735C3 /* ViewController */,
				CB5CB80F2ADC455100B735C3 /* Service */,
				CB5CB8072ADC1FA400B735C3 /* DTO */,
				CB5CB8042ADC1EE800B735C3 /* View */,
				CB5CB8122ADC492F00B735C3 /* NameSpace */,
				CB5CB8052ADC1F1700B735C3 /* Extension */,
				CB5CB8062ADC1F3000B735C3 /* Resource */,
			);
			path = RealTimeTranslation;
			sourceTree = "<group>";
		};
		CB5CB8022ADC1E9900B735C3 /* App */ = {
			isa = PBXGroup;
			children = (
				CB5CB7882AD6DE4E00B735C3 /* AppDelegate.swift */,
				CB5CB78A2AD6DE4E00B735C3 /* SceneDelegate.swift */,
			);
			path = App;
			sourceTree = "<group>";
		};
		CB5CB8032ADC1ED200B735C3 /* ViewController */ = {
			isa = PBXGroup;
			children = (
				CB5CB78C2AD6DE4E00B735C3 /* TranslationViewController.swift */,
			);
			path = ViewController;
			sourceTree = "<group>";
		};
		CB5CB8042ADC1EE800B735C3 /* View */ = {
			isa = PBXGroup;
			children = (
				CB5CB78E2AD6DE4E00B735C3 /* Main.storyboard */,
				CB5CB7932AD6DE4F00B735C3 /* LaunchScreen.storyboard */,
			);
			path = View;
			sourceTree = "<group>";
		};
		CB5CB8052ADC1F1700B735C3 /* Extension */ = {
			isa = PBXGroup;
			children = (
				CB5CB8002ADBE58500B735C3 /* Bundle+.swift */,
				CB5CB8152ADCCB2D00B735C3 /* DataScannerViewController+.swift */,
			);
			path = Extension;
			sourceTree = "<group>";
		};
		CB5CB8062ADC1F3000B735C3 /* Resource */ = {
			isa = PBXGroup;
			children = (
				CB5CB7912AD6DE4F00B735C3 /* Assets.xcassets */,
			);
			path = Resource;
			sourceTree = "<group>";
		};
		CB5CB8072ADC1FA400B735C3 /* DTO */ = {
			isa = PBXGroup;
			children = (
				CB5CB8082ADC1FB100B735C3 /* Papago */,
			);
			path = DTO;
			sourceTree = "<group>";
		};
		CB5CB8082ADC1FB100B735C3 /* Papago */ = {
			isa = PBXGroup;
			children = (
				CB5CB8092ADC200D00B735C3 /* PapagoTranslation.swift */,
				CB5CB80B2ADC203C00B735C3 /* PapagoDetectLanguage.swift */,
				CB5CB8172ADCCCBD00B735C3 /* PapagoTranslationLanguage.swift */,
			);
			path = Papago;
			sourceTree = "<group>";
		};
		CB5CB80F2ADC455100B735C3 /* Service */ = {
			isa = PBXGroup;
			children = (
				CB5CB8102ADC456600B735C3 /* TranslationService.swift */,
			);
			path = Service;
			sourceTree = "<group>";
		};
		CB5CB8122ADC492F00B735C3 /* NameSpace */ = {
			isa = PBXGroup;
			children = (
				CB5CB8132ADC495F00B735C3 /* NaverAPI.swift */,
			);
			path = NameSpace;
			sourceTree = "<group>";
		};
/* End PBXGroup section */

/* Begin PBXNativeTarget section */
		CB5CB7842AD6DE4E00B735C3 /* RealTimeTranslation */ = {
			isa = PBXNativeTarget;
			buildConfigurationList = CB5CB7992AD6DE4F00B735C3 /* Build configuration list for PBXNativeTarget "RealTimeTranslation" */;
			buildPhases = (
				CB5CB7812AD6DE4E00B735C3 /* Sources */,
				CB5CB7822AD6DE4E00B735C3 /* Frameworks */,
				CB5CB7832AD6DE4E00B735C3 /* Resources */,
			);
			buildRules = (
			);
			dependencies = (
			);
			name = RealTimeTranslation;
			productName = RealTimeTranslation;
			productReference = CB5CB7852AD6DE4E00B735C3 /* RealTimeTranslation.app */;
			productType = "com.apple.product-type.application";
		};
/* End PBXNativeTarget section */

/* Begin PBXProject section */
		CB5CB77D2AD6DE4E00B735C3 /* Project object */ = {
			isa = PBXProject;
			attributes = {
				BuildIndependentTargetsInParallel = 1;
				LastSwiftUpdateCheck = 1430;
				LastUpgradeCheck = 1430;
				TargetAttributes = {
					CB5CB7842AD6DE4E00B735C3 = {
						CreatedOnToolsVersion = 14.3.1;
					};
				};
			};
			buildConfigurationList = CB5CB7802AD6DE4E00B735C3 /* Build configuration list for PBXProject "RealTimeTranslation" */;
			compatibilityVersion = "Xcode 14.0";
			developmentRegion = en;
			hasScannedForEncodings = 0;
			knownRegions = (
				en,
				Base,
			);
			mainGroup = CB5CB77C2AD6DE4E00B735C3;
			productRefGroup = CB5CB7862AD6DE4E00B735C3 /* Products */;
			projectDirPath = "";
			projectRoot = "";
			targets = (
				CB5CB7842AD6DE4E00B735C3 /* RealTimeTranslation */,
			);
		};
/* End PBXProject section */

/* Begin PBXResourcesBuildPhase section */
		CB5CB7832AD6DE4E00B735C3 /* Resources */ = {
			isa = PBXResourcesBuildPhase;
			buildActionMask = 2147483647;
			files = (
				CB5CB7952AD6DE4F00B735C3 /* LaunchScreen.storyboard in Resources */,
				CB5CB7922AD6DE4F00B735C3 /* Assets.xcassets in Resources */,
				CB5CB7FF2ADBE42D00B735C3 /* NaverAPIKey.plist in Resources */,
				CB5CB7902AD6DE4E00B735C3 /* Main.storyboard in Resources */,
			);
			runOnlyForDeploymentPostprocessing = 0;
		};
/* End PBXResourcesBuildPhase section */

/* Begin PBXSourcesBuildPhase section */
		CB5CB7812AD6DE4E00B735C3 /* Sources */ = {
			isa = PBXSourcesBuildPhase;
			buildActionMask = 2147483647;
			files = (
				CB5CB8142ADC495F00B735C3 /* NaverAPI.swift in Sources */,
				CB5CB8162ADCCB2D00B735C3 /* DataScannerViewController+.swift in Sources */,
				CB5CB78D2AD6DE4E00B735C3 /* TranslationViewController.swift in Sources */,
				CB5CB8012ADBE58500B735C3 /* Bundle+.swift in Sources */,
				CB5CB80C2ADC203C00B735C3 /* PapagoDetectLanguage.swift in Sources */,
				CB5CB7892AD6DE4E00B735C3 /* AppDelegate.swift in Sources */,
				CB5CB80A2ADC200D00B735C3 /* PapagoTranslation.swift in Sources */,
				CB5CB8182ADCCCBD00B735C3 /* PapagoTranslationLanguage.swift in Sources */,
				CB5CB8112ADC456600B735C3 /* TranslationService.swift in Sources */,
				CB5CB78B2AD6DE4E00B735C3 /* SceneDelegate.swift in Sources */,
			);
			runOnlyForDeploymentPostprocessing = 0;
		};
/* End PBXSourcesBuildPhase section */

/* Begin PBXVariantGroup section */
		CB5CB78E2AD6DE4E00B735C3 /* Main.storyboard */ = {
			isa = PBXVariantGroup;
			children = (
				CB5CB78F2AD6DE4E00B735C3 /* Base */,
			);
			name = Main.storyboard;
			sourceTree = "<group>";
		};
		CB5CB7932AD6DE4F00B735C3 /* LaunchScreen.storyboard */ = {
			isa = PBXVariantGroup;
			children = (
				CB5CB7942AD6DE4F00B735C3 /* Base */,
			);
			name = LaunchScreen.storyboard;
			sourceTree = "<group>";
		};
/* End PBXVariantGroup section */

/* Begin XCBuildConfiguration section */
		CB5CB7972AD6DE4F00B735C3 /* Debug */ = {
			isa = XCBuildConfiguration;
			buildSettings = {
				ALWAYS_SEARCH_USER_PATHS = NO;
				CLANG_ANALYZER_NONNULL = YES;
				CLANG_ANALYZER_NUMBER_OBJECT_CONVERSION = YES_AGGRESSIVE;
				CLANG_CXX_LANGUAGE_STANDARD = "gnu++20";
				CLANG_ENABLE_MODULES = YES;
				CLANG_ENABLE_OBJC_ARC = YES;
				CLANG_ENABLE_OBJC_WEAK = YES;
				CLANG_WARN_BLOCK_CAPTURE_AUTORELEASING = YES;
				CLANG_WARN_BOOL_CONVERSION = YES;
				CLANG_WARN_COMMA = YES;
				CLANG_WARN_CONSTANT_CONVERSION = YES;
				CLANG_WARN_DEPRECATED_OBJC_IMPLEMENTATIONS = YES;
				CLANG_WARN_DIRECT_OBJC_ISA_USAGE = YES_ERROR;
				CLANG_WARN_DOCUMENTATION_COMMENTS = YES;
				CLANG_WARN_EMPTY_BODY = YES;
				CLANG_WARN_ENUM_CONVERSION = YES;
				CLANG_WARN_INFINITE_RECURSION = YES;
				CLANG_WARN_INT_CONVERSION = YES;
				CLANG_WARN_NON_LITERAL_NULL_CONVERSION = YES;
				CLANG_WARN_OBJC_IMPLICIT_RETAIN_SELF = YES;
				CLANG_WARN_OBJC_LITERAL_CONVERSION = YES;
				CLANG_WARN_OBJC_ROOT_CLASS = YES_ERROR;
				CLANG_WARN_QUOTED_INCLUDE_IN_FRAMEWORK_HEADER = YES;
				CLANG_WARN_RANGE_LOOP_ANALYSIS = YES;
				CLANG_WARN_STRICT_PROTOTYPES = YES;
				CLANG_WARN_SUSPICIOUS_MOVE = YES;
				CLANG_WARN_UNGUARDED_AVAILABILITY = YES_AGGRESSIVE;
				CLANG_WARN_UNREACHABLE_CODE = YES;
				CLANG_WARN__DUPLICATE_METHOD_MATCH = YES;
				COPY_PHASE_STRIP = NO;
				DEBUG_INFORMATION_FORMAT = dwarf;
				ENABLE_STRICT_OBJC_MSGSEND = YES;
				ENABLE_TESTABILITY = YES;
				GCC_C_LANGUAGE_STANDARD = gnu11;
				GCC_DYNAMIC_NO_PIC = NO;
				GCC_NO_COMMON_BLOCKS = YES;
				GCC_OPTIMIZATION_LEVEL = 0;
				GCC_PREPROCESSOR_DEFINITIONS = (
					"DEBUG=1",
					"$(inherited)",
				);
				GCC_WARN_64_TO_32_BIT_CONVERSION = YES;
				GCC_WARN_ABOUT_RETURN_TYPE = YES_ERROR;
				GCC_WARN_UNDECLARED_SELECTOR = YES;
				GCC_WARN_UNINITIALIZED_AUTOS = YES_AGGRESSIVE;
				GCC_WARN_UNUSED_FUNCTION = YES;
				GCC_WARN_UNUSED_VARIABLE = YES;
				IPHONEOS_DEPLOYMENT_TARGET = 16.4;
				MTL_ENABLE_DEBUG_INFO = INCLUDE_SOURCE;
				MTL_FAST_MATH = YES;
				ONLY_ACTIVE_ARCH = YES;
				SDKROOT = iphoneos;
				SWIFT_ACTIVE_COMPILATION_CONDITIONS = DEBUG;
				SWIFT_OPTIMIZATION_LEVEL = "-Onone";
			};
			name = Debug;
		};
		CB5CB7982AD6DE4F00B735C3 /* Release */ = {
			isa = XCBuildConfiguration;
			buildSettings = {
				ALWAYS_SEARCH_USER_PATHS = NO;
				CLANG_ANALYZER_NONNULL = YES;
				CLANG_ANALYZER_NUMBER_OBJECT_CONVERSION = YES_AGGRESSIVE;
				CLANG_CXX_LANGUAGE_STANDARD = "gnu++20";
				CLANG_ENABLE_MODULES = YES;
				CLANG_ENABLE_OBJC_ARC = YES;
				CLANG_ENABLE_OBJC_WEAK = YES;
				CLANG_WARN_BLOCK_CAPTURE_AUTORELEASING = YES;
				CLANG_WARN_BOOL_CONVERSION = YES;
				CLANG_WARN_COMMA = YES;
				CLANG_WARN_CONSTANT_CONVERSION = YES;
				CLANG_WARN_DEPRECATED_OBJC_IMPLEMENTATIONS = YES;
				CLANG_WARN_DIRECT_OBJC_ISA_USAGE = YES_ERROR;
				CLANG_WARN_DOCUMENTATION_COMMENTS = YES;
				CLANG_WARN_EMPTY_BODY = YES;
				CLANG_WARN_ENUM_CONVERSION = YES;
				CLANG_WARN_INFINITE_RECURSION = YES;
				CLANG_WARN_INT_CONVERSION = YES;
				CLANG_WARN_NON_LITERAL_NULL_CONVERSION = YES;
				CLANG_WARN_OBJC_IMPLICIT_RETAIN_SELF = YES;
				CLANG_WARN_OBJC_LITERAL_CONVERSION = YES;
				CLANG_WARN_OBJC_ROOT_CLASS = YES_ERROR;
				CLANG_WARN_QUOTED_INCLUDE_IN_FRAMEWORK_HEADER = YES;
				CLANG_WARN_RANGE_LOOP_ANALYSIS = YES;
				CLANG_WARN_STRICT_PROTOTYPES = YES;
				CLANG_WARN_SUSPICIOUS_MOVE = YES;
				CLANG_WARN_UNGUARDED_AVAILABILITY = YES_AGGRESSIVE;
				CLANG_WARN_UNREACHABLE_CODE = YES;
				CLANG_WARN__DUPLICATE_METHOD_MATCH = YES;
				COPY_PHASE_STRIP = NO;
				DEBUG_INFORMATION_FORMAT = "dwarf-with-dsym";
				ENABLE_NS_ASSERTIONS = NO;
				ENABLE_STRICT_OBJC_MSGSEND = YES;
				GCC_C_LANGUAGE_STANDARD = gnu11;
				GCC_NO_COMMON_BLOCKS = YES;
				GCC_WARN_64_TO_32_BIT_CONVERSION = YES;
				GCC_WARN_ABOUT_RETURN_TYPE = YES_ERROR;
				GCC_WARN_UNDECLARED_SELECTOR = YES;
				GCC_WARN_UNINITIALIZED_AUTOS = YES_AGGRESSIVE;
				GCC_WARN_UNUSED_FUNCTION = YES;
				GCC_WARN_UNUSED_VARIABLE = YES;
				IPHONEOS_DEPLOYMENT_TARGET = 16.4;
				MTL_ENABLE_DEBUG_INFO = NO;
				MTL_FAST_MATH = YES;
				SDKROOT = iphoneos;
				SWIFT_COMPILATION_MODE = wholemodule;
				SWIFT_OPTIMIZATION_LEVEL = "-O";
				VALIDATE_PRODUCT = YES;
			};
			name = Release;
		};
		CB5CB79A2AD6DE4F00B735C3 /* Debug */ = {
			isa = XCBuildConfiguration;
			buildSettings = {
				ASSETCATALOG_COMPILER_APPICON_NAME = AppIcon;
				ASSETCATALOG_COMPILER_GLOBAL_ACCENT_COLOR_NAME = AccentColor;
				CODE_SIGN_STYLE = Automatic;
				CURRENT_PROJECT_VERSION = 1;
				DEVELOPMENT_TEAM = T6N449MW4Y;
				GENERATE_INFOPLIST_FILE = YES;
				INFOPLIST_FILE = RealTimeTranslation/Info.plist;
				INFOPLIST_KEY_UIApplicationSupportsIndirectInputEvents = YES;
				INFOPLIST_KEY_UILaunchStoryboardName = LaunchScreen;
				INFOPLIST_KEY_UISupportedInterfaceOrientations_iPad = "UIInterfaceOrientationPortrait UIInterfaceOrientationPortraitUpsideDown UIInterfaceOrientationLandscapeLeft UIInterfaceOrientationLandscapeRight";
				INFOPLIST_KEY_UISupportedInterfaceOrientations_iPhone = "UIInterfaceOrientationPortrait UIInterfaceOrientationLandscapeLeft UIInterfaceOrientationLandscapeRight";
				LD_RUNPATH_SEARCH_PATHS = (
					"$(inherited)",
					"@executable_path/Frameworks",
				);
				MARKETING_VERSION = 1.0;
				PRODUCT_BUNDLE_IDENTIFIER = com.test.RealTimeTranslation;
				PRODUCT_NAME = "$(TARGET_NAME)";
				SUPPORTED_PLATFORMS = "iphoneos iphonesimulator";
				SUPPORTS_MACCATALYST = NO;
				SUPPORTS_MAC_DESIGNED_FOR_IPHONE_IPAD = NO;
				SWIFT_EMIT_LOC_STRINGS = YES;
				SWIFT_VERSION = 5.0;
				TARGETED_DEVICE_FAMILY = "1,2";
			};
			name = Debug;
		};
		CB5CB79B2AD6DE4F00B735C3 /* Release */ = {
			isa = XCBuildConfiguration;
			buildSettings = {
				ASSETCATALOG_COMPILER_APPICON_NAME = AppIcon;
				ASSETCATALOG_COMPILER_GLOBAL_ACCENT_COLOR_NAME = AccentColor;
				CODE_SIGN_STYLE = Automatic;
				CURRENT_PROJECT_VERSION = 1;
				DEVELOPMENT_TEAM = T6N449MW4Y;
				GENERATE_INFOPLIST_FILE = YES;
				INFOPLIST_FILE = RealTimeTranslation/Info.plist;
				INFOPLIST_KEY_UIApplicationSupportsIndirectInputEvents = YES;
				INFOPLIST_KEY_UILaunchStoryboardName = LaunchScreen;
				INFOPLIST_KEY_UISupportedInterfaceOrientations_iPad = "UIInterfaceOrientationPortrait UIInterfaceOrientationPortraitUpsideDown UIInterfaceOrientationLandscapeLeft UIInterfaceOrientationLandscapeRight";
				INFOPLIST_KEY_UISupportedInterfaceOrientations_iPhone = "UIInterfaceOrientationPortrait UIInterfaceOrientationLandscapeLeft UIInterfaceOrientationLandscapeRight";
				LD_RUNPATH_SEARCH_PATHS = (
					"$(inherited)",
					"@executable_path/Frameworks",
				);
				MARKETING_VERSION = 1.0;
				PRODUCT_BUNDLE_IDENTIFIER = com.test.RealTimeTranslation;
				PRODUCT_NAME = "$(TARGET_NAME)";
				SUPPORTED_PLATFORMS = "iphoneos iphonesimulator";
				SUPPORTS_MACCATALYST = NO;
				SUPPORTS_MAC_DESIGNED_FOR_IPHONE_IPAD = NO;
				SWIFT_EMIT_LOC_STRINGS = YES;
				SWIFT_VERSION = 5.0;
				TARGETED_DEVICE_FAMILY = "1,2";
			};
			name = Release;
		};
/* End XCBuildConfiguration section */

/* Begin XCConfigurationList section */
		CB5CB7802AD6DE4E00B735C3 /* Build configuration list for PBXProject "RealTimeTranslation" */ = {
			isa = XCConfigurationList;
			buildConfigurations = (
				CB5CB7972AD6DE4F00B735C3 /* Debug */,
				CB5CB7982AD6DE4F00B735C3 /* Release */,
			);
			defaultConfigurationIsVisible = 0;
			defaultConfigurationName = Release;
		};
		CB5CB7992AD6DE4F00B735C3 /* Build configuration list for PBXNativeTarget "RealTimeTranslation" */ = {
			isa = XCConfigurationList;
			buildConfigurations = (
				CB5CB79A2AD6DE4F00B735C3 /* Debug */,
				CB5CB79B2AD6DE4F00B735C3 /* Release */,
			);
			defaultConfigurationIsVisible = 0;
			defaultConfigurationName = Release;
		};
/* End XCConfigurationList section */
	};
	rootObject = CB5CB77D2AD6DE4E00B735C3 /* Project object */;
}
